{
  "name": "timebook",
  "version": "0.0.1",
  "lockfileVersion": 1,
  "requires": true,
  "dependencies": {
    "cs-ruler": {
      "version": "2.1.5",
      "resolved": "https://registry.npmjs.org/cs-ruler/-/cs-ruler-2.1.5.tgz",
      "integrity": "sha512-+3D/67Yl6AN22PZtx1sbBL76ist2ZWHQexXDOMH2j4cxMNBHwtL/jFgO63zy5toFSsKWDsGBiq9L0Ic8Ta3mHg==",
      "requires": {
        "vue": "^2.5.11"
      }
    },
    "de-indent": {
      "version": "1.0.2",
      "resolved": "https://registry.npm.taobao.org/de-indent/download/de-indent-1.0.2.tgz",
      "integrity": "sha1-sgOOhG3DO6pXlhKNCAS0VbjB4h0=",
      "dev": true
    },
    "he": {
      "version": "1.2.0",
      "resolved": "https://registry.nlark.com/he/download/he-1.2.0.tgz",
      "integrity": "sha1-hK5l+n6vsWX922FWauFLrwVmTw8=",
      "dev": true
    },
    "vue": {
      "version": "2.6.12",
      "resolved": "https://registry.nlark.com/vue/download/vue-2.6.12.tgz",
      "integrity": "sha1-9evU+mvShpQD4pqJau1JBEVskSM="
    },
    "vue-template-compiler": {
      "version": "2.6.12",
      "resolved": "https://registry.npm.taobao.org/vue-template-compiler/download/vue-template-compiler-2.6.12.tgz",
      "integrity": "sha1-lH7XGWdEyKUoXr4SM/6WBDf8xX4=",
      "dev": true,
      "requires": {
        "de-indent": "^1.0.2",
        "he": "^1.1.0"
      }
    }
  }
}
